
Microsoft Visual Studio Solution File, Format Version 12.00
# Visual Studio Version 17
VisualStudioVersion = 17.0.31903.59
MinimumVisualStudioVersion = 10.0.40219.1
Project("{FAE04EC0-301F-11D3-BF4B-00C04F79EFBC}") = "TOST", "TOST.csproj", "{32E48BAB-9A7B-4048-B304-E0EBA2AD104B}"
EndProject
Project("{FAE04EC0-301F-11D3-BF4B-00C04F79EFBC}") = "TOST.Core", "TOST.Core\TOST.Core.csproj", "{C6C44EAD-CCF1-4A04-935C-E1338228FFD3}"
EndProject
Project("{FAE04EC0-301F-11D3-BF4B-00C04F79EFBC}") = "TOST.Linux", "TOST.Linux\TOST.Linux.csproj", "{ECB8F70A-4708-4942-9227-97AD43751EE9}"
EndProject
Project("{FAE04EC0-301F-11D3-BF4B-00C04F79EFBC}") = "TOST.Core.Tests", "TOST.Core.Tests\TOST.Core.Tests.csproj", "{21D0A2DF-4291-4156-BBCF-F4F58375EA44}"
EndProject
Global
	GlobalSection(SolutionConfigurationPlatforms) = preSolution
		Debug|Any CPU = Debug|Any CPU
		Release|Any CPU = Release|Any CPU
	EndGlobalSection
	GlobalSection(SolutionProperties) = preSolution
		HideSolutionNode = FALSE
	EndGlobalSection
	GlobalSection(ProjectConfigurationPlatforms) = postSolution
		{32E48BAB-9A7B-4048-B304-E0EBA2AD104B}.Debug|Any CPU.ActiveCfg = Debug|Any CPU
		{32E48BAB-9A7B-4048-B304-E0EBA2AD104B}.Debug|Any CPU.Build.0 = Debug|Any CPU
		{32E48BAB-9A7B-4048-B304-E0EBA2AD104B}.Release|Any CPU.ActiveCfg = Release|Any CPU
		{32E48BAB-9A7B-4048-B304-E0EBA2AD104B}.Release|Any CPU.Build.0 = Release|Any CPU
		{C6C44EAD-CCF1-4A04-935C-E1338228FFD3}.Debug|Any CPU.ActiveCfg = Debug|Any CPU
		{C6C44EAD-CCF1-4A04-935C-E1338228FFD3}.Debug|Any CPU.Build.0 = Debug|Any CPU
		{C6C44EAD-CCF1-4A04-935C-E1338228FFD3}.Release|Any CPU.ActiveCfg = Release|Any CPU
		{C6C44EAD-CCF1-4A04-935C-E1338228FFD3}.Release|Any CPU.Build.0 = Release|Any CPU
		{ECB8F70A-4708-4942-9227-97AD43751EE9}.Debug|Any CPU.ActiveCfg = Debug|Any CPU
		{ECB8F70A-4708-4942-9227-97AD43751EE9}.Debug|Any CPU.Build.0 = Debug|Any CPU
		{ECB8F70A-4708-4942-9227-97AD43751EE9}.Release|Any CPU.ActiveCfg = Release|Any CPU
		{ECB8F70A-4708-4942-9227-97AD43751EE9}.Release|Any CPU.Build.0 = Release|Any CPU
		{21D0A2DF-4291-4156-BBCF-F4F58375EA44}.Debug|Any CPU.ActiveCfg = Debug|Any CPU
		{21D0A2DF-4291-4156-BBCF-F4F58375EA44}.Debug|Any CPU.Build.0 = Debug|Any CPU
		{21D0A2DF-4291-4156-BBCF-F4F58375EA44}.Release|Any CPU.ActiveCfg = Release|Any CPU
		{21D0A2DF-4291-4156-BBCF-F4F58375EA44}.Release|Any CPU.Build.0 = Release|Any CPU
	EndGlobalSection
EndGlobal
